
Microsoft Visual Studio Solution File, Format Version 12.00
# Visual Studio Version 17
VisualStudioVersion = 17.14.36429.23
MinimumVisualStudioVersion = 10.0.40219.1
Project("{FAE04EC0-301F-11D3-BF4B-00C04F79EFBC}") = "SimpleCalculator", "SimpleCalculator\SimpleCalculator.csproj", "{10B68319-023C-6B2A-94D8-20B2EE720CEE}"
EndProject
Project("{FAE04EC0-301F-11D3-BF4B-00C04F79EFBC}") = "SimpleCalculatorFactory", "SimpleCalculatorFactory\SimpleCalculatorFactory.csproj", "{45D043F2-C497-D4FC-7DA4-DDE416755FD4}"
EndProject
Project("{FAE04EC0-301F-11D3-BF4B-00C04F79EFBC}") = "SimpleCalculatorMVVM", "SimpleCalculatorMVVM\SimpleCalculatorMVVM.csproj", "{E19B3C5C-0BF7-1A0D-899A-0560E2ACD8D5}"
EndProject
Project("{FAE04EC0-301F-11D3-BF4B-00C04F79EFBC}") = "SimpleCalculatorMVVMDecorator", "SimpleCalculatorMVVMDecorator\SimpleCalculatorMVVMDecorator.csproj", "{2FE85405-58FD-42F8-A86D-901360B7789B}"
EndProject
Project("{FAE04EC0-301F-11D3-BF4B-00C04F79EFBC}") = "SimpleCalculatorMVVMCommand", "SimpleCalculatorMVVMCommand\SimpleCalculatorMVVMCommand.csproj", "{30364665-C47C-1CAF-DDB0-8EB7B6195CD9}"
EndProject
Project("{FAE04EC0-301F-11D3-BF4B-00C04F79EFBC}") = "SimpleCalculatorMVVMResourse", "SimpleCalculatorMVVMResourse\SimpleCalculatorMVVMResourse.csproj", "{FC385AA2-37AD-F146-9298-A2DE894E69DA}"
EndProject
Project("{FAE04EC0-301F-11D3-BF4B-00C04F79EFBC}") = "SimpleCalculatorMVVMIniFile", "SimpleCalculatorIniFile\SimpleCalculatorMVVMIniFile.csproj", "{15A154B8-31BD-46ED-8301-D1C6E560AEB7}"
EndProject
Global
	GlobalSection(SolutionConfigurationPlatforms) = preSolution
		Debug|Any CPU = Debug|Any CPU
		Release|Any CPU = Release|Any CPU
	EndGlobalSection
	GlobalSection(ProjectConfigurationPlatforms) = postSolution
		{10B68319-023C-6B2A-94D8-20B2EE720CEE}.Debug|Any CPU.ActiveCfg = Debug|Any CPU
		{10B68319-023C-6B2A-94D8-20B2EE720CEE}.Debug|Any CPU.Build.0 = Debug|Any CPU
		{10B68319-023C-6B2A-94D8-20B2EE720CEE}.Release|Any CPU.ActiveCfg = Release|Any CPU
		{10B68319-023C-6B2A-94D8-20B2EE720CEE}.Release|Any CPU.Build.0 = Release|Any CPU
		{45D043F2-C497-D4FC-7DA4-DDE416755FD4}.Debug|Any CPU.ActiveCfg = Debug|Any CPU
		{45D043F2-C497-D4FC-7DA4-DDE416755FD4}.Debug|Any CPU.Build.0 = Debug|Any CPU
		{45D043F2-C497-D4FC-7DA4-DDE416755FD4}.Release|Any CPU.ActiveCfg = Release|Any CPU
		{45D043F2-C497-D4FC-7DA4-DDE416755FD4}.Release|Any CPU.Build.0 = Release|Any CPU
		{E19B3C5C-0BF7-1A0D-899A-0560E2ACD8D5}.Debug|Any CPU.ActiveCfg = Debug|Any CPU
		{E19B3C5C-0BF7-1A0D-899A-0560E2ACD8D5}.Debug|Any CPU.Build.0 = Debug|Any CPU
		{E19B3C5C-0BF7-1A0D-899A-0560E2ACD8D5}.Release|Any CPU.ActiveCfg = Release|Any CPU
		{E19B3C5C-0BF7-1A0D-899A-0560E2ACD8D5}.Release|Any CPU.Build.0 = Release|Any CPU
		{2FE85405-58FD-42F8-A86D-901360B7789B}.Debug|Any CPU.ActiveCfg = Debug|Any CPU
		{2FE85405-58FD-42F8-A86D-901360B7789B}.Debug|Any CPU.Build.0 = Debug|Any CPU
		{2FE85405-58FD-42F8-A86D-901360B7789B}.Release|Any CPU.ActiveCfg = Release|Any CPU
		{2FE85405-58FD-42F8-A86D-901360B7789B}.Release|Any CPU.Build.0 = Release|Any CPU
		{30364665-C47C-1CAF-DDB0-8EB7B6195CD9}.Debug|Any CPU.ActiveCfg = Debug|Any CPU
		{30364665-C47C-1CAF-DDB0-8EB7B6195CD9}.Debug|Any CPU.Build.0 = Debug|Any CPU
		{30364665-C47C-1CAF-DDB0-8EB7B6195CD9}.Release|Any CPU.ActiveCfg = Release|Any CPU
		{30364665-C47C-1CAF-DDB0-8EB7B6195CD9}.Release|Any CPU.Build.0 = Release|Any CPU
		{FC385AA2-37AD-F146-9298-A2DE894E69DA}.Debug|Any CPU.ActiveCfg = Debug|Any CPU
		{FC385AA2-37AD-F146-9298-A2DE894E69DA}.Debug|Any CPU.Build.0 = Debug|Any CPU
		{FC385AA2-37AD-F146-9298-A2DE894E69DA}.Release|Any CPU.ActiveCfg = Release|Any CPU
		{FC385AA2-37AD-F146-9298-A2DE894E69DA}.Release|Any CPU.Build.0 = Release|Any CPU
		{15A154B8-31BD-46ED-8301-D1C6E560AEB7}.Debug|Any CPU.ActiveCfg = Debug|Any CPU
		{15A154B8-31BD-46ED-8301-D1C6E560AEB7}.Debug|Any CPU.Build.0 = Debug|Any CPU
		{15A154B8-31BD-46ED-8301-D1C6E560AEB7}.Release|Any CPU.ActiveCfg = Release|Any CPU
		{15A154B8-31BD-46ED-8301-D1C6E560AEB7}.Release|Any CPU.Build.0 = Release|Any CPU
	EndGlobalSection
	GlobalSection(SolutionProperties) = preSolution
		HideSolutionNode = FALSE
	EndGlobalSection
	GlobalSection(ExtensibilityGlobals) = postSolution
		SolutionGuid = {62105315-FDA5-4C62-81D7-2CE0448DA714}
	EndGlobalSection
EndGlobal
